
Microsoft Visual Studio Solution File, Format Version 12.00
# Visual Studio Version 17
VisualStudioVersion = 17.5.33502.453
MinimumVisualStudioVersion = 10.0.40219.1
Project("{FAE04EC0-301F-11D3-BF4B-00C04F79EFBC}") = "UI", "UI\UI.csproj", "{DB3AA384-EB6E-4D99-93A1-9692C4186A8C}"
EndProject
Project("{FAE04EC0-301F-11D3-BF4B-00C04F79EFBC}") = "BE", "BE\BE.csproj", "{DD4445D9-525D-4E6D-B058-7F57D9C01A8F}"
EndProject
Project("{FAE04EC0-301F-11D3-BF4B-00C04F79EFBC}") = "DAL", "DAL\DAL.csproj", "{36FB8905-D5F3-4804-8114-FC74624953C9}"
EndProject
Global
	GlobalSection(SolutionConfigurationPlatforms) = preSolution
		Debug|Any CPU = Debug|Any CPU
		Release|Any CPU = Release|Any CPU
	EndGlobalSection
	GlobalSection(ProjectConfigurationPlatforms) = postSolution
		{DB3AA384-EB6E-4D99-93A1-9692C4186A8C}.Debug|Any CPU.ActiveCfg = Debug|Any CPU
		{DB3AA384-EB6E-4D99-93A1-9692C4186A8C}.Debug|Any CPU.Build.0 = Debug|Any CPU
		{DB3AA384-EB6E-4D99-93A1-9692C4186A8C}.Release|Any CPU.ActiveCfg = Release|Any CPU
		{DB3AA384-EB6E-4D99-93A1-9692C4186A8C}.Release|Any CPU.Build.0 = Release|Any CPU
		{DD4445D9-525D-4E6D-B058-7F57D9C01A8F}.Debug|Any CPU.ActiveCfg = Debug|Any CPU
		{DD4445D9-525D-4E6D-B058-7F57D9C01A8F}.Debug|Any CPU.Build.0 = Debug|Any CPU
		{DD4445D9-525D-4E6D-B058-7F57D9C01A8F}.Release|Any CPU.ActiveCfg = Release|Any CPU
		{DD4445D9-525D-4E6D-B058-7F57D9C01A8F}.Release|Any CPU.Build.0 = Release|Any CPU
		{36FB8905-D5F3-4804-8114-FC74624953C9}.Debug|Any CPU.ActiveCfg = Debug|Any CPU
		{36FB8905-D5F3-4804-8114-FC74624953C9}.Debug|Any CPU.Build.0 = Debug|Any CPU
		{36FB8905-D5F3-4804-8114-FC74624953C9}.Release|Any CPU.ActiveCfg = Release|Any CPU
		{36FB8905-D5F3-4804-8114-FC74624953C9}.Release|Any CPU.Build.0 = Release|Any CPU
	EndGlobalSection
	GlobalSection(SolutionProperties) = preSolution
		HideSolutionNode = FALSE
	EndGlobalSection
	GlobalSection(ExtensibilityGlobals) = postSolution
		SolutionGuid = {7708AC86-0102-4BAC-A826-E948BD955251}
	EndGlobalSection
EndGlobal
